
Microsoft Visual Studio Solution File, Format Version 12.00
# Visual Studio Version 16
VisualStudioVersion = 16.0.31321.278
MinimumVisualStudioVersion = 10.0.40219.1
Project("{9A19103F-16F7-4668-BE54-9A1E7A4F7556}") = "Notes.WebService", "Notes.WebService\Notes.WebService.csproj", "{EE29B45D-0F55-44EA-A51F-3F7290177D02}"
EndProject
Global
	GlobalSection(SolutionConfigurationPlatforms) = preSolution
		Debug|Any CPU = Debug|Any CPU
		Release|Any CPU = Release|Any CPU
	EndGlobalSection
	GlobalSection(ProjectConfigurationPlatforms) = postSolution
		{EE29B45D-0F55-44EA-A51F-3F7290177D02}.Debug|Any CPU.ActiveCfg = Debug|Any CPU
		{EE29B45D-0F55-44EA-A51F-3F7290177D02}.Debug|Any CPU.Build.0 = Debug|Any CPU
		{EE29B45D-0F55-44EA-A51F-3F7290177D02}.Release|Any CPU.ActiveCfg = Release|Any CPU
		{EE29B45D-0F55-44EA-A51F-3F7290177D02}.Release|Any CPU.Build.0 = Release|Any CPU
	EndGlobalSection
	GlobalSection(SolutionProperties) = preSolution
		HideSolutionNode = FALSE
	EndGlobalSection
	GlobalSection(ExtensibilityGlobals) = postSolution
		SolutionGuid = {539E028C-BD8C-4B6E-8CB9-C46680CB4AA9}
	EndGlobalSection
EndGlobal
